// !$*UTF8*$!
{
	archiveVersion = 1;
	classes = {
	};
	objectVersion = 60;
	objects = {

/* Begin PBXBuildFile section */
		DD7997AB2AC33C7300BD9F3D /* HomeSection.swift in Sources */ = {isa = PBXBuildFile; fileRef = DD7997AA2AC33C7300BD9F3D /* HomeSection.swift */; };
		DDC8EDDE2AC16A9C003BC7E2 /* Assets.xcassets in Resources */ = {isa = PBXBuildFile; fileRef = DDC8EDDD2AC16A9C003BC7E2 /* Assets.xcassets */; };
		DDC8EDE12AC16A9C003BC7E2 /* LaunchScreen.storyboard in Resources */ = {isa = PBXBuildFile; fileRef = DDC8EDDF2AC16A9C003BC7E2 /* LaunchScreen.storyboard */; };
		DDC8EDE82AC28F71003BC7E2 /* AppDelegate.swift in Sources */ = {isa = PBXBuildFile; fileRef = DDC8EDD42AC16A9A003BC7E2 /* AppDelegate.swift */; };
		DDC8EDE92AC28F74003BC7E2 /* SceneDelegate.swift in Sources */ = {isa = PBXBuildFile; fileRef = DDC8EDD62AC16A9A003BC7E2 /* SceneDelegate.swift */; };
		DDC8EDEA2AC28F77003BC7E2 /* HomeViewController.swift in Sources */ = {isa = PBXBuildFile; fileRef = DDC8EDD82AC16A9A003BC7E2 /* HomeViewController.swift */; };
		DDC8EDF32AC293EC003BC7E2 /* Composer in Frameworks */ = {isa = PBXBuildFile; productRef = DDC8EDF22AC293EC003BC7E2 /* Composer */; };
/* End PBXBuildFile section */

/* Begin PBXFileReference section */
		DD7997AA2AC33C7300BD9F3D /* HomeSection.swift */ = {isa = PBXFileReference; lastKnownFileType = sourcecode.swift; path = HomeSection.swift; sourceTree = "<group>"; };
		DDC8EDD12AC16A9A003BC7E2 /* ComposerExample.app */ = {isa = PBXFileReference; explicitFileType = wrapper.application; includeInIndex = 0; path = ComposerExample.app; sourceTree = BUILT_PRODUCTS_DIR; };
		DDC8EDD42AC16A9A003BC7E2 /* AppDelegate.swift */ = {isa = PBXFileReference; lastKnownFileType = sourcecode.swift; path = AppDelegate.swift; sourceTree = "<group>"; };
		DDC8EDD62AC16A9A003BC7E2 /* SceneDelegate.swift */ = {isa = PBXFileReference; lastKnownFileType = sourcecode.swift; path = SceneDelegate.swift; sourceTree = "<group>"; };
		DDC8EDD82AC16A9A003BC7E2 /* HomeViewController.swift */ = {isa = PBXFileReference; lastKnownFileType = sourcecode.swift; path = HomeViewController.swift; sourceTree = "<group>"; };
		DDC8EDDD2AC16A9C003BC7E2 /* Assets.xcassets */ = {isa = PBXFileReference; lastKnownFileType = folder.assetcatalog; path = Assets.xcassets; sourceTree = "<group>"; };
		DDC8EDE02AC16A9C003BC7E2 /* Base */ = {isa = PBXFileReference; lastKnownFileType = file.storyboard; name = Base; path = Base.lproj/LaunchScreen.storyboard; sourceTree = "<group>"; };
		DDC8EDE22AC16A9C003BC7E2 /* Info.plist */ = {isa = PBXFileReference; lastKnownFileType = text.plist.xml; path = Info.plist; sourceTree = "<group>"; };
/* End PBXFileReference section */

/* Begin PBXFrameworksBuildPhase section */
		DDC8EDCE2AC16A9A003BC7E2 /* Frameworks */ = {
			isa = PBXFrameworksBuildPhase;
			buildActionMask = 2147483647;
			files = (
				DDC8EDF32AC293EC003BC7E2 /* Composer in Frameworks */,
			);
			runOnlyForDeploymentPostprocessing = 0;
		};
/* End PBXFrameworksBuildPhase section */

/* Begin PBXGroup section */
		DDC8EDC82AC16A9A003BC7E2 = {
			isa = PBXGroup;
			children = (
				DDC8EDD32AC16A9A003BC7E2 /* ComposerExample */,
				DDC8EDD22AC16A9A003BC7E2 /* Products */,
			);
			sourceTree = "<group>";
		};
		DDC8EDD22AC16A9A003BC7E2 /* Products */ = {
			isa = PBXGroup;
			children = (
				DDC8EDD12AC16A9A003BC7E2 /* ComposerExample.app */,
			);
			name = Products;
			sourceTree = "<group>";
		};
		DDC8EDD32AC16A9A003BC7E2 /* ComposerExample */ = {
			isa = PBXGroup;
			children = (
				DDC8EDD42AC16A9A003BC7E2 /* AppDelegate.swift */,
				DDC8EDD62AC16A9A003BC7E2 /* SceneDelegate.swift */,
				DDC8EDD82AC16A9A003BC7E2 /* HomeViewController.swift */,
				DD7997AA2AC33C7300BD9F3D /* HomeSection.swift */,
				DDC8EDDD2AC16A9C003BC7E2 /* Assets.xcassets */,
				DDC8EDDF2AC16A9C003BC7E2 /* LaunchScreen.storyboard */,
				DDC8EDE22AC16A9C003BC7E2 /* Info.plist */,
			);
			path = ComposerExample;
			sourceTree = "<group>";
		};
/* End PBXGroup section */

/* Begin PBXNativeTarget section */
		DDC8EDD02AC16A9A003BC7E2 /* ComposerExample */ = {
			isa = PBXNativeTarget;
			buildConfigurationList = DDC8EDE52AC16A9C003BC7E2 /* Build configuration list for PBXNativeTarget "ComposerExample" */;
			buildPhases = (
				DDC8EDCD2AC16A9A003BC7E2 /* Sources */,
				DDC8EDCE2AC16A9A003BC7E2 /* Frameworks */,
				DDC8EDCF2AC16A9A003BC7E2 /* Resources */,
			);
			buildRules = (
			);
			dependencies = (
			);
			name = ComposerExample;
			packageProductDependencies = (
				DDC8EDF22AC293EC003BC7E2 /* Composer */,
			);
			productName = ChagokChagokExample;
			productReference = DDC8EDD12AC16A9A003BC7E2 /* ComposerExample.app */;
			productType = "com.apple.product-type.application";
		};
/* End PBXNativeTarget section */

/* Begin PBXProject section */
		DDC8EDC92AC16A9A003BC7E2 /* Project object */ = {
			isa = PBXProject;
			attributes = {
				BuildIndependentTargetsInParallel = 1;
				LastSwiftUpdateCheck = 1500;
				LastUpgradeCheck = 1500;
				TargetAttributes = {
					DDC8EDD02AC16A9A003BC7E2 = {
						CreatedOnToolsVersion = 15.0;
					};
				};
			};
			buildConfigurationList = DDC8EDCC2AC16A9A003BC7E2 /* Build configuration list for PBXProject "ComposerExample" */;
			compatibilityVersion = "Xcode 14.0";
			developmentRegion = en;
			hasScannedForEncodings = 0;
			knownRegions = (
				en,
				Base,
			);
			mainGroup = DDC8EDC82AC16A9A003BC7E2;
			packageReferences = (
				DDC8EDF12AC293EC003BC7E2 /* XCLocalSwiftPackageReference ".." */,
			);
			productRefGroup = DDC8EDD22AC16A9A003BC7E2 /* Products */;
			projectDirPath = "";
			projectRoot = "";
			targets = (
				DDC8EDD02AC16A9A003BC7E2 /* ComposerExample */,
			);
		};
/* End PBXProject section */

/* Begin PBXResourcesBuildPhase section */
		DDC8EDCF2AC16A9A003BC7E2 /* Resources */ = {
			isa = PBXResourcesBuildPhase;
			buildActionMask = 2147483647;
			files = (
				DDC8EDE12AC16A9C003BC7E2 /* LaunchScreen.storyboard in Resources */,
				DDC8EDDE2AC16A9C003BC7E2 /* Assets.xcassets in Resources */,
			);
			runOnlyForDeploymentPostprocessing = 0;
		};
/* End PBXResourcesBuildPhase section */

/* Begin PBXSourcesBuildPhase section */
		DDC8EDCD2AC16A9A003BC7E2 /* Sources */ = {
			isa = PBXSourcesBuildPhase;
			buildActionMask = 2147483647;
			files = (
				DD7997AB2AC33C7300BD9F3D /* HomeSection.swift in Sources */,
				DDC8EDEA2AC28F77003BC7E2 /* HomeViewController.swift in Sources */,
				DDC8EDE92AC28F74003BC7E2 /* SceneDelegate.swift in Sources */,
				DDC8EDE82AC28F71003BC7E2 /* AppDelegate.swift in Sources */,
			);
			runOnlyForDeploymentPostprocessing = 0;
		};
/* End PBXSourcesBuildPhase section */

/* Begin PBXVariantGroup section */
		DDC8EDDF2AC16A9C003BC7E2 /* LaunchScreen.storyboard */ = {
			isa = PBXVariantGroup;
			children = (
				DDC8EDE02AC16A9C003BC7E2 /* Base */,
			);
			name = LaunchScreen.storyboard;
			sourceTree = "<group>";
		};
/* End PBXVariantGroup section */

/* Begin XCBuildConfiguration section */
		DDC8EDE32AC16A9C003BC7E2 /* Debug */ = {
			isa = XCBuildConfiguration;
			buildSettings = {
				ALWAYS_SEARCH_USER_PATHS = NO;
				ASSETCATALOG_COMPILER_GENERATE_SWIFT_ASSET_SYMBOL_EXTENSIONS = YES;
				CLANG_ANALYZER_NONNULL = YES;
				CLANG_ANALYZER_NUMBER_OBJECT_CONVERSION = YES_AGGRESSIVE;
				CLANG_CXX_LANGUAGE_STANDARD = "gnu++20";
				CLANG_ENABLE_MODULES = YES;
				CLANG_ENABLE_OBJC_ARC = YES;
				CLANG_ENABLE_OBJC_WEAK = YES;
				CLANG_WARN_BLOCK_CAPTURE_AUTORELEASING = YES;
				CLANG_WARN_BOOL_CONVERSION = YES;
				CLANG_WARN_COMMA = YES;
				CLANG_WARN_CONSTANT_CONVERSION = YES;
				CLANG_WARN_DEPRECATED_OBJC_IMPLEMENTATIONS = YES;
				CLANG_WARN_DIRECT_OBJC_ISA_USAGE = YES_ERROR;
				CLANG_WARN_DOCUMENTATION_COMMENTS = YES;
				CLANG_WARN_EMPTY_BODY = YES;
				CLANG_WARN_ENUM_CONVERSION = YES;
				CLANG_WARN_INFINITE_RECURSION = YES;
				CLANG_WARN_INT_CONVERSION = YES;
				CLANG_WARN_NON_LITERAL_NULL_CONVERSION = YES;
				CLANG_WARN_OBJC_IMPLICIT_RETAIN_SELF = YES;
				CLANG_WARN_OBJC_LITERAL_CONVERSION = YES;
				CLANG_WARN_OBJC_ROOT_CLASS = YES_ERROR;
				CLANG_WARN_QUOTED_INCLUDE_IN_FRAMEWORK_HEADER = YES;
				CLANG_WARN_RANGE_LOOP_ANALYSIS = YES;
				CLANG_WARN_STRICT_PROTOTYPES = YES;
				CLANG_WARN_SUSPICIOUS_MOVE = YES;
				CLANG_WARN_UNGUARDED_AVAILABILITY = YES_AGGRESSIVE;
				CLANG_WARN_UNREACHABLE_CODE = YES;
				CLANG_WARN__DUPLICATE_METHOD_MATCH = YES;
				COPY_PHASE_STRIP = NO;
				DEBUG_INFORMATION_FORMAT = dwarf;
				ENABLE_STRICT_OBJC_MSGSEND = YES;
				ENABLE_TESTABILITY = YES;
				ENABLE_USER_SCRIPT_SANDBOXING = YES;
				GCC_C_LANGUAGE_STANDARD = gnu17;
				GCC_DYNAMIC_NO_PIC = NO;
				GCC_NO_COMMON_BLOCKS = YES;
				GCC_OPTIMIZATION_LEVEL = 0;
				GCC_PREPROCESSOR_DEFINITIONS = (
					"DEBUG=1",
					"$(inherited)",
				);
				GCC_WARN_64_TO_32_BIT_CONVERSION = YES;
				GCC_WARN_ABOUT_RETURN_TYPE = YES_ERROR;
				GCC_WARN_UNDECLARED_SELECTOR = YES;
				GCC_WARN_UNINITIALIZED_AUTOS = YES_AGGRESSIVE;
				GCC_WARN_UNUSED_FUNCTION = YES;
				GCC_WARN_UNUSED_VARIABLE = YES;
				IPHONEOS_DEPLOYMENT_TARGET = 17.0;
				LOCALIZATION_PREFERS_STRING_CATALOGS = YES;
				MTL_ENABLE_DEBUG_INFO = INCLUDE_SOURCE;
				MTL_FAST_MATH = YES;
				ONLY_ACTIVE_ARCH = YES;
				SDKROOT = iphoneos;
				SWIFT_ACTIVE_COMPILATION_CONDITIONS = "DEBUG $(inherited)";
				SWIFT_OPTIMIZATION_LEVEL = "-Onone";
			};
			name = Debug;
		};
		DDC8EDE42AC16A9C003BC7E2 /* Release */ = {
			isa = XCBuildConfiguration;
			buildSettings = {
				ALWAYS_SEARCH_USER_PATHS = NO;
				ASSETCATALOG_COMPILER_GENERATE_SWIFT_ASSET_SYMBOL_EXTENSIONS = YES;
				CLANG_ANALYZER_NONNULL = YES;
				CLANG_ANALYZER_NUMBER_OBJECT_CONVERSION = YES_AGGRESSIVE;
				CLANG_CXX_LANGUAGE_STANDARD = "gnu++20";
				CLANG_ENABLE_MODULES = YES;
				CLANG_ENABLE_OBJC_ARC = YES;
				CLANG_ENABLE_OBJC_WEAK = YES;
				CLANG_WARN_BLOCK_CAPTURE_AUTORELEASING = YES;
				CLANG_WARN_BOOL_CONVERSION = YES;
				CLANG_WARN_COMMA = YES;
				CLANG_WARN_CONSTANT_CONVERSION = YES;
				CLANG_WARN_DEPRECATED_OBJC_IMPLEMENTATIONS = YES;
				CLANG_WARN_DIRECT_OBJC_ISA_USAGE = YES_ERROR;
				CLANG_WARN_DOCUMENTATION_COMMENTS = YES;
				CLANG_WARN_EMPTY_BODY = YES;
				CLANG_WARN_ENUM_CONVERSION = YES;
				CLANG_WARN_INFINITE_RECURSION = YES;
				CLANG_WARN_INT_CONVERSION = YES;
				CLANG_WARN_NON_LITERAL_NULL_CONVERSION = YES;
				CLANG_WARN_OBJC_IMPLICIT_RETAIN_SELF = YES;
				CLANG_WARN_OBJC_LITERAL_CONVERSION = YES;
				CLANG_WARN_OBJC_ROOT_CLASS = YES_ERROR;
				CLANG_WARN_QUOTED_INCLUDE_IN_FRAMEWORK_HEADER = YES;
				CLANG_WARN_RANGE_LOOP_ANALYSIS = YES;
				CLANG_WARN_STRICT_PROTOTYPES = YES;
				CLANG_WARN_SUSPICIOUS_MOVE = YES;
				CLANG_WARN_UNGUARDED_AVAILABILITY = YES_AGGRESSIVE;
				CLANG_WARN_UNREACHABLE_CODE = YES;
				CLANG_WARN__DUPLICATE_METHOD_MATCH = YES;
				COPY_PHASE_STRIP = NO;
				DEBUG_INFORMATION_FORMAT = "dwarf-with-dsym";
				ENABLE_NS_ASSERTIONS = NO;
				ENABLE_STRICT_OBJC_MSGSEND = YES;
				ENABLE_USER_SCRIPT_SANDBOXING = YES;
				GCC_C_LANGUAGE_STANDARD = gnu17;
				GCC_NO_COMMON_BLOCKS = YES;
				GCC_WARN_64_TO_32_BIT_CONVERSION = YES;
				GCC_WARN_ABOUT_RETURN_TYPE = YES_ERROR;
				GCC_WARN_UNDECLARED_SELECTOR = YES;
				GCC_WARN_UNINITIALIZED_AUTOS = YES_AGGRESSIVE;
				GCC_WARN_UNUSED_FUNCTION = YES;
				GCC_WARN_UNUSED_VARIABLE = YES;
				IPHONEOS_DEPLOYMENT_TARGET = 17.0;
				LOCALIZATION_PREFERS_STRING_CATALOGS = YES;
				MTL_ENABLE_DEBUG_INFO = NO;
				MTL_FAST_MATH = YES;
				SDKROOT = iphoneos;
				SWIFT_COMPILATION_MODE = wholemodule;
				VALIDATE_PRODUCT = YES;
			};
			name = Release;
		};
		DDC8EDE62AC16A9C003BC7E2 /* Debug */ = {
			isa = XCBuildConfiguration;
			buildSettings = {
				ASSETCATALOG_COMPILER_APPICON_NAME = AppIcon;
				ASSETCATALOG_COMPILER_GLOBAL_ACCENT_COLOR_NAME = AccentColor;
				CODE_SIGN_STYLE = Automatic;
				CURRENT_PROJECT_VERSION = 1;
				DEVELOPMENT_TEAM = XW996HTK32;
				GENERATE_INFOPLIST_FILE = YES;
				INFOPLIST_FILE = ComposerExample/Info.plist;
				INFOPLIST_KEY_UIApplicationSupportsIndirectInputEvents = YES;
				INFOPLIST_KEY_UILaunchStoryboardName = LaunchScreen;
				INFOPLIST_KEY_UISupportedInterfaceOrientations = UIInterfaceOrientationPortrait;
				INFOPLIST_KEY_UISupportedInterfaceOrientations_iPad = "UIInterfaceOrientationLandscapeLeft UIInterfaceOrientationLandscapeRight UIInterfaceOrientationPortrait UIInterfaceOrientationPortraitUpsideDown";
				LD_RUNPATH_SEARCH_PATHS = (
					"$(inherited)",
					"@executable_path/Frameworks",
				);
				MARKETING_VERSION = 1.0;
				PRODUCT_BUNDLE_IDENTIFIER = junnos.dev.ComposerExample;
				PRODUCT_NAME = "$(TARGET_NAME)";
				SUPPORTED_PLATFORMS = "iphoneos iphonesimulator";
				SUPPORTS_MACCATALYST = NO;
				SUPPORTS_MAC_DESIGNED_FOR_IPHONE_IPAD = NO;
				SWIFT_EMIT_LOC_STRINGS = YES;
				SWIFT_VERSION = 5.0;
				TARGETED_DEVICE_FAMILY = 1;
			};
			name = Debug;
		};
		DDC8EDE72AC16A9C003BC7E2 /* Release */ = {
			isa = XCBuildConfiguration;
			buildSettings = {
				ASSETCATALOG_COMPILER_APPICON_NAME = AppIcon;
				ASSETCATALOG_COMPILER_GLOBAL_ACCENT_COLOR_NAME = AccentColor;
				CODE_SIGN_STYLE = Automatic;
				CURRENT_PROJECT_VERSION = 1;
				DEVELOPMENT_TEAM = XW996HTK32;
				GENERATE_INFOPLIST_FILE = YES;
				INFOPLIST_FILE = ComposerExample/Info.plist;
				INFOPLIST_KEY_UIApplicationSupportsIndirectInputEvents = YES;
				INFOPLIST_KEY_UILaunchStoryboardName = LaunchScreen;
				INFOPLIST_KEY_UISupportedInterfaceOrientations = UIInterfaceOrientationPortrait;
				INFOPLIST_KEY_UISupportedInterfaceOrientations_iPad = "UIInterfaceOrientationLandscapeLeft UIInterfaceOrientationLandscapeRight UIInterfaceOrientationPortrait UIInterfaceOrientationPortraitUpsideDown";
				LD_RUNPATH_SEARCH_PATHS = (
					"$(inherited)",
					"@executable_path/Frameworks",
				);
				MARKETING_VERSION = 1.0;
				PRODUCT_BUNDLE_IDENTIFIER = junnos.dev.ComposerExample;
				PRODUCT_NAME = "$(TARGET_NAME)";
				SUPPORTED_PLATFORMS = "iphoneos iphonesimulator";
				SUPPORTS_MACCATALYST = NO;
				SUPPORTS_MAC_DESIGNED_FOR_IPHONE_IPAD = NO;
				SWIFT_EMIT_LOC_STRINGS = YES;
				SWIFT_VERSION = 5.0;
				TARGETED_DEVICE_FAMILY = 1;
			};
			name = Release;
		};
/* End XCBuildConfiguration section */

/* Begin XCConfigurationList section */
		DDC8EDCC2AC16A9A003BC7E2 /* Build configuration list for PBXProject "ComposerExample" */ = {
			isa = XCConfigurationList;
			buildConfigurations = (
				DDC8EDE32AC16A9C003BC7E2 /* Debug */,
				DDC8EDE42AC16A9C003BC7E2 /* Release */,
			);
			defaultConfigurationIsVisible = 0;
			defaultConfigurationName = Release;
		};
		DDC8EDE52AC16A9C003BC7E2 /* Build configuration list for PBXNativeTarget "ComposerExample" */ = {
			isa = XCConfigurationList;
			buildConfigurations = (
				DDC8EDE62AC16A9C003BC7E2 /* Debug */,
				DDC8EDE72AC16A9C003BC7E2 /* Release */,
			);
			defaultConfigurationIsVisible = 0;
			defaultConfigurationName = Release;
		};
/* End XCConfigurationList section */

/* Begin XCLocalSwiftPackageReference section */
		DDC8EDF12AC293EC003BC7E2 /* XCLocalSwiftPackageReference ".." */ = {
			isa = XCLocalSwiftPackageReference;
			relativePath = ..;
		};
/* End XCLocalSwiftPackageReference section */

/* Begin XCSwiftPackageProductDependency section */
		DDC8EDF22AC293EC003BC7E2 /* Composer */ = {
			isa = XCSwiftPackageProductDependency;
			productName = Composer;
		};
/* End XCSwiftPackageProductDependency section */
	};
	rootObject = DDC8EDC92AC16A9A003BC7E2 /* Project object */;
}
